// !$*UTF8*$!
{
	archiveVersion = 1;
	classes = {
	};
	objectVersion = 48;
	objects = {

/* Begin PBXBuildFile section */
		0DA06BF820B2D0E500A1936C /* AtomLauncher.swift in Sources */ = {isa = PBXBuildFile; fileRef = 0DA06BF720B2D0E500A1936C /* AtomLauncher.swift */; };
		0DE6B07920ADB8AF00E9020E /* AppDelegate.swift in Sources */ = {isa = PBXBuildFile; fileRef = 0DE6B07820ADB8AF00E9020E /* AppDelegate.swift */; };
		0DE6B07B20ADB8AF00E9020E /* Colors.swift in Sources */ = {isa = PBXBuildFile; fileRef = 0DE6B07A20ADB8AF00E9020E /* Colors.swift */; };
		0DE6B08B20ADB92C00E9020E /* Launch Screen.storyboard in Resources */ = {isa = PBXBuildFile; fileRef = 0DE6B08A20ADB92C00E9020E /* Launch Screen.storyboard */; };
		0DE6B08E20ADB98100E9020E /* LigandCell.swift in Sources */ = {isa = PBXBuildFile; fileRef = 0DE6B08D20ADB98100E9020E /* LigandCell.swift */; };
		0DE6B09120ADB9A700E9020E /* RCSBService.swift in Sources */ = {isa = PBXBuildFile; fileRef = 0DE6B09020ADB9A700E9020E /* RCSBService.swift */; };
		0DE6B09320ADB9BB00E9020E /* RequestService.swift in Sources */ = {isa = PBXBuildFile; fileRef = 0DE6B09220ADB9BB00E9020E /* RequestService.swift */; };
		0DE6B09620ADB9D600E9020E /* Ligand.swift in Sources */ = {isa = PBXBuildFile; fileRef = 0DE6B09520ADB9D600E9020E /* Ligand.swift */; };
		0DE6B09920ADBA0500E9020E /* LigandController.swift in Sources */ = {isa = PBXBuildFile; fileRef = 0DE6B09820ADBA0500E9020E /* LigandController.swift */; };
		0DE6B09B20ADBA1F00E9020E /* LoginController.swift in Sources */ = {isa = PBXBuildFile; fileRef = 0DE6B09A20ADBA1F00E9020E /* LoginController.swift */; };
		0DE6B09D20ADBA4400E9020E /* LoginController+Extension.swift in Sources */ = {isa = PBXBuildFile; fileRef = 0DE6B09C20ADBA4400E9020E /* LoginController+Extension.swift */; };
		0DE6B09F20ADBA5700E9020E /* SearchController.swift in Sources */ = {isa = PBXBuildFile; fileRef = 0DE6B09E20ADBA5700E9020E /* SearchController.swift */; };
		0DE6B0A120ADBA6900E9020E /* SearchController+Extension.swift in Sources */ = {isa = PBXBuildFile; fileRef = 0DE6B0A020ADBA6900E9020E /* SearchController+Extension.swift */; };
		0DE6B0A420ADBA9C00E9020E /* ligands.txt in Resources */ = {isa = PBXBuildFile; fileRef = 0DE6B0A320ADBA9C00E9020E /* ligands.txt */; };
		0DE6B0A620ADBAA900E9020E /* Assets.xcassets in Resources */ = {isa = PBXBuildFile; fileRef = 0DE6B0A520ADBAA900E9020E /* Assets.xcassets */; };
		57DED4BD20B06CA400B2DDFD /* CylinderLine.swift in Sources */ = {isa = PBXBuildFile; fileRef = 57DED4BC20B06CA400B2DDFD /* CylinderLine.swift */; };
/* End PBXBuildFile section */

/* Begin PBXFileReference section */
		0DA06BF720B2D0E500A1936C /* AtomLauncher.swift */ = {isa = PBXFileReference; lastKnownFileType = sourcecode.swift; path = AtomLauncher.swift; sourceTree = "<group>"; };
		0DE6B07520ADB8AF00E9020E /* Swifty-Protein.app */ = {isa = PBXFileReference; explicitFileType = wrapper.application; includeInIndex = 0; path = "Swifty-Protein.app"; sourceTree = BUILT_PRODUCTS_DIR; };
		0DE6B07820ADB8AF00E9020E /* AppDelegate.swift */ = {isa = PBXFileReference; lastKnownFileType = sourcecode.swift; path = AppDelegate.swift; sourceTree = "<group>"; };
		0DE6B07A20ADB8AF00E9020E /* Colors.swift */ = {isa = PBXFileReference; lastKnownFileType = sourcecode.swift; path = Colors.swift; sourceTree = "<group>"; };
		0DE6B08420ADB8AF00E9020E /* Info.plist */ = {isa = PBXFileReference; lastKnownFileType = text.plist.xml; path = Info.plist; sourceTree = "<group>"; };
		0DE6B08A20ADB92C00E9020E /* Launch Screen.storyboard */ = {isa = PBXFileReference; lastKnownFileType = file.storyboard; path = "Launch Screen.storyboard"; sourceTree = "<group>"; };
		0DE6B08D20ADB98100E9020E /* LigandCell.swift */ = {isa = PBXFileReference; lastKnownFileType = sourcecode.swift; path = LigandCell.swift; sourceTree = "<group>"; };
		0DE6B09020ADB9A700E9020E /* RCSBService.swift */ = {isa = PBXFileReference; lastKnownFileType = sourcecode.swift; path = RCSBService.swift; sourceTree = "<group>"; };
		0DE6B09220ADB9BB00E9020E /* RequestService.swift */ = {isa = PBXFileReference; lastKnownFileType = sourcecode.swift; path = RequestService.swift; sourceTree = "<group>"; };
		0DE6B09520ADB9D600E9020E /* Ligand.swift */ = {isa = PBXFileReference; lastKnownFileType = sourcecode.swift; path = Ligand.swift; sourceTree = "<group>"; };
		0DE6B09820ADBA0500E9020E /* LigandController.swift */ = {isa = PBXFileReference; lastKnownFileType = sourcecode.swift; path = LigandController.swift; sourceTree = "<group>"; };
		0DE6B09A20ADBA1F00E9020E /* LoginController.swift */ = {isa = PBXFileReference; lastKnownFileType = sourcecode.swift; path = LoginController.swift; sourceTree = "<group>"; };
		0DE6B09C20ADBA4400E9020E /* LoginController+Extension.swift */ = {isa = PBXFileReference; lastKnownFileType = sourcecode.swift; path = "LoginController+Extension.swift"; sourceTree = "<group>"; };
		0DE6B09E20ADBA5700E9020E /* SearchController.swift */ = {isa = PBXFileReference; lastKnownFileType = sourcecode.swift; path = SearchController.swift; sourceTree = "<group>"; };
		0DE6B0A020ADBA6900E9020E /* SearchController+Extension.swift */ = {isa = PBXFileReference; lastKnownFileType = sourcecode.swift; path = "SearchController+Extension.swift"; sourceTree = "<group>"; };
		0DE6B0A320ADBA9C00E9020E /* ligands.txt */ = {isa = PBXFileReference; fileEncoding = 4; lastKnownFileType = text; path = ligands.txt; sourceTree = "<group>"; };
		0DE6B0A520ADBAA900E9020E /* Assets.xcassets */ = {isa = PBXFileReference; lastKnownFileType = folder.assetcatalog; path = Assets.xcassets; sourceTree = "<group>"; };
		57DED4BC20B06CA400B2DDFD /* CylinderLine.swift */ = {isa = PBXFileReference; lastKnownFileType = sourcecode.swift; path = CylinderLine.swift; sourceTree = "<group>"; };
/* End PBXFileReference section */

/* Begin PBXFrameworksBuildPhase section */
		0DE6B07220ADB8AF00E9020E /* Frameworks */ = {
			isa = PBXFrameworksBuildPhase;
			buildActionMask = 2147483647;
			files = (
			);
			runOnlyForDeploymentPostprocessing = 0;
		};
/* End PBXFrameworksBuildPhase section */

/* Begin PBXGroup section */
		0DE6B06C20ADB8AF00E9020E = {
			isa = PBXGroup;
			children = (
				0DE6B07720ADB8AF00E9020E /* Swifty-Protein */,
				0DE6B07620ADB8AF00E9020E /* Products */,
			);
			sourceTree = "<group>";
		};
		0DE6B07620ADB8AF00E9020E /* Products */ = {
			isa = PBXGroup;
			children = (
				0DE6B07520ADB8AF00E9020E /* Swifty-Protein.app */,
			);
			name = Products;
			sourceTree = "<group>";
		};
		0DE6B07720ADB8AF00E9020E /* Swifty-Protein */ = {
			isa = PBXGroup;
			children = (
				57DED4BB20B06C9A00B2DDFD /* Utils */,
				0DE6B0A520ADBAA900E9020E /* Assets.xcassets */,
				0DE6B07820ADB8AF00E9020E /* AppDelegate.swift */,
				0DE6B07A20ADB8AF00E9020E /* Colors.swift */,
				0DE6B08A20ADB92C00E9020E /* Launch Screen.storyboard */,
				0DE6B08420ADB8AF00E9020E /* Info.plist */,
				0DE6B0A220ADBA8200E9020E /* Misc */,
				0DE6B09720ADB9E600E9020E /* Controllers */,
				0DE6B09420ADB9C900E9020E /* Models */,
				0DE6B08F20ADB98C00E9020E /* Services */,
				0DE6B08C20ADB95800E9020E /* Views */,
			);
			path = "Swifty-Protein";
			sourceTree = "<group>";
		};
		0DE6B08C20ADB95800E9020E /* Views */ = {
			isa = PBXGroup;
			children = (
				0DE6B08D20ADB98100E9020E /* LigandCell.swift */,
			);
			path = Views;
			sourceTree = "<group>";
		};
		0DE6B08F20ADB98C00E9020E /* Services */ = {
			isa = PBXGroup;
			children = (
				0DE6B09020ADB9A700E9020E /* RCSBService.swift */,
				0DE6B09220ADB9BB00E9020E /* RequestService.swift */,
			);
			path = Services;
			sourceTree = "<group>";
		};
		0DE6B09420ADB9C900E9020E /* Models */ = {
			isa = PBXGroup;
			children = (
				0DE6B09520ADB9D600E9020E /* Ligand.swift */,
			);
			path = Models;
			sourceTree = "<group>";
		};
		0DE6B09720ADB9E600E9020E /* Controllers */ = {
			isa = PBXGroup;
			children = (
				0DE6B09820ADBA0500E9020E /* LigandController.swift */,
				0DA06BF720B2D0E500A1936C /* AtomLauncher.swift */,
				0DE6B09A20ADBA1F00E9020E /* LoginController.swift */,
				0DE6B09C20ADBA4400E9020E /* LoginController+Extension.swift */,
				0DE6B09E20ADBA5700E9020E /* SearchController.swift */,
				0DE6B0A020ADBA6900E9020E /* SearchController+Extension.swift */,
			);
			path = Controllers;
			sourceTree = "<group>";
		};
		0DE6B0A220ADBA8200E9020E /* Misc */ = {
			isa = PBXGroup;
			children = (
				0DE6B0A320ADBA9C00E9020E /* ligands.txt */,
			);
			path = Misc;
			sourceTree = "<group>";
		};
		57DED4BB20B06C9A00B2DDFD /* Utils */ = {
			isa = PBXGroup;
			children = (
				57DED4BC20B06CA400B2DDFD /* CylinderLine.swift */,
			);
			path = Utils;
			sourceTree = "<group>";
		};
/* End PBXGroup section */

/* Begin PBXNativeTarget section */
		0DE6B07420ADB8AF00E9020E /* Swifty-Protein */ = {
			isa = PBXNativeTarget;
			buildConfigurationList = 0DE6B08720ADB8AF00E9020E /* Build configuration list for PBXNativeTarget "Swifty-Protein" */;
			buildPhases = (
				0DE6B07120ADB8AF00E9020E /* Sources */,
				0DE6B07220ADB8AF00E9020E /* Frameworks */,
				0DE6B07320ADB8AF00E9020E /* Resources */,
			);
			buildRules = (
			);
			dependencies = (
			);
			name = "Swifty-Protein";
			productName = "Swifty-Protein";
			productReference = 0DE6B07520ADB8AF00E9020E /* Swifty-Protein.app */;
			productType = "com.apple.product-type.application";
		};
/* End PBXNativeTarget section */

/* Begin PBXProject section */
		0DE6B06D20ADB8AF00E9020E /* Project object */ = {
			isa = PBXProject;
			attributes = {
				LastSwiftUpdateCheck = 0920;
				LastUpgradeCheck = 0940;
				ORGANIZATIONNAME = "Kiefer WIESSLER";
				TargetAttributes = {
					0DE6B07420ADB8AF00E9020E = {
						CreatedOnToolsVersion = 9.2;
						ProvisioningStyle = Automatic;
					};
				};
			};
			buildConfigurationList = 0DE6B07020ADB8AF00E9020E /* Build configuration list for PBXProject "Swifty-Protein" */;
			compatibilityVersion = "Xcode 8.0";
			developmentRegion = en;
			hasScannedForEncodings = 0;
			knownRegions = (
				en,
				Base,
			);
			mainGroup = 0DE6B06C20ADB8AF00E9020E;
			productRefGroup = 0DE6B07620ADB8AF00E9020E /* Products */;
			projectDirPath = "";
			projectRoot = "";
			targets = (
				0DE6B07420ADB8AF00E9020E /* Swifty-Protein */,
			);
		};
/* End PBXProject section */

/* Begin PBXResourcesBuildPhase section */
		0DE6B07320ADB8AF00E9020E /* Resources */ = {
			isa = PBXResourcesBuildPhase;
			buildActionMask = 2147483647;
			files = (
				0DE6B08B20ADB92C00E9020E /* Launch Screen.storyboard in Resources */,
				0DE6B0A620ADBAA900E9020E /* Assets.xcassets in Resources */,
				0DE6B0A420ADBA9C00E9020E /* ligands.txt in Resources */,
			);
			runOnlyForDeploymentPostprocessing = 0;
		};
/* End PBXResourcesBuildPhase section */

/* Begin PBXSourcesBuildPhase section */
		0DE6B07120ADB8AF00E9020E /* Sources */ = {
			isa = PBXSourcesBuildPhase;
			buildActionMask = 2147483647;
			files = (
				0DE6B09620ADB9D600E9020E /* Ligand.swift in Sources */,
				57DED4BD20B06CA400B2DDFD /* CylinderLine.swift in Sources */,
				0DA06BF820B2D0E500A1936C /* AtomLauncher.swift in Sources */,
				0DE6B09F20ADBA5700E9020E /* SearchController.swift in Sources */,
				0DE6B07B20ADB8AF00E9020E /* Colors.swift in Sources */,
				0DE6B08E20ADB98100E9020E /* LigandCell.swift in Sources */,
				0DE6B07920ADB8AF00E9020E /* AppDelegate.swift in Sources */,
				0DE6B0A120ADBA6900E9020E /* SearchController+Extension.swift in Sources */,
				0DE6B09920ADBA0500E9020E /* LigandController.swift in Sources */,
				0DE6B09D20ADBA4400E9020E /* LoginController+Extension.swift in Sources */,
				0DE6B09B20ADBA1F00E9020E /* LoginController.swift in Sources */,
				0DE6B09320ADB9BB00E9020E /* RequestService.swift in Sources */,
				0DE6B09120ADB9A700E9020E /* RCSBService.swift in Sources */,
			);
			runOnlyForDeploymentPostprocessing = 0;
		};
/* End PBXSourcesBuildPhase section */

/* Begin XCBuildConfiguration section */
		0DE6B08520ADB8AF00E9020E /* Debug */ = {
			isa = XCBuildConfiguration;
			buildSettings = {
				ALWAYS_SEARCH_USER_PATHS = NO;
				CLANG_ANALYZER_NONNULL = YES;
				CLANG_ANALYZER_NUMBER_OBJECT_CONVERSION = YES_AGGRESSIVE;
				CLANG_CXX_LANGUAGE_STANDARD = "gnu++14";
				CLANG_CXX_LIBRARY = "libc++";
				CLANG_ENABLE_MODULES = YES;
				CLANG_ENABLE_OBJC_ARC = YES;
				CLANG_WARN_BLOCK_CAPTURE_AUTORELEASING = YES;
				CLANG_WARN_BOOL_CONVERSION = YES;
				CLANG_WARN_COMMA = YES;
				CLANG_WARN_CONSTANT_CONVERSION = YES;
				CLANG_WARN_DEPRECATED_OBJC_IMPLEMENTATIONS = YES;
				CLANG_WARN_DIRECT_OBJC_ISA_USAGE = YES_ERROR;
				CLANG_WARN_DOCUMENTATION_COMMENTS = YES;
				CLANG_WARN_EMPTY_BODY = YES;
				CLANG_WARN_ENUM_CONVERSION = YES;
				CLANG_WARN_INFINITE_RECURSION = YES;
				CLANG_WARN_INT_CONVERSION = YES;
				CLANG_WARN_NON_LITERAL_NULL_CONVERSION = YES;
				CLANG_WARN_OBJC_IMPLICIT_RETAIN_SELF = YES;
				CLANG_WARN_OBJC_LITERAL_CONVERSION = YES;
				CLANG_WARN_OBJC_ROOT_CLASS = YES_ERROR;
				CLANG_WARN_RANGE_LOOP_ANALYSIS = YES;
				CLANG_WARN_STRICT_PROTOTYPES = YES;
				CLANG_WARN_SUSPICIOUS_MOVE = YES;
				CLANG_WARN_UNGUARDED_AVAILABILITY = YES_AGGRESSIVE;
				CLANG_WARN_UNREACHABLE_CODE = YES;
				CLANG_WARN__DUPLICATE_METHOD_MATCH = YES;
				CODE_SIGN_IDENTITY = "iPhone Developer";
				COPY_PHASE_STRIP = NO;
				DEBUG_INFORMATION_FORMAT = dwarf;
				ENABLE_STRICT_OBJC_MSGSEND = YES;
				ENABLE_TESTABILITY = YES;
				GCC_C_LANGUAGE_STANDARD = gnu11;
				GCC_DYNAMIC_NO_PIC = NO;
				GCC_NO_COMMON_BLOCKS = YES;
				GCC_OPTIMIZATION_LEVEL = 0;
				GCC_PREPROCESSOR_DEFINITIONS = (
					"DEBUG=1",
					"$(inherited)",
				);
				GCC_WARN_64_TO_32_BIT_CONVERSION = YES;
				GCC_WARN_ABOUT_RETURN_TYPE = YES_ERROR;
				GCC_WARN_UNDECLARED_SELECTOR = YES;
				GCC_WARN_UNINITIALIZED_AUTOS = YES_AGGRESSIVE;
				GCC_WARN_UNUSED_FUNCTION = YES;
				GCC_WARN_UNUSED_VARIABLE = YES;
				IPHONEOS_DEPLOYMENT_TARGET = 11.2;
				MTL_ENABLE_DEBUG_INFO = YES;
				ONLY_ACTIVE_ARCH = YES;
				SDKROOT = iphoneos;
				SWIFT_ACTIVE_COMPILATION_CONDITIONS = DEBUG;
				SWIFT_OPTIMIZATION_LEVEL = "-Onone";
			};
			name = Debug;
		};
		0DE6B08620ADB8AF00E9020E /* Release */ = {
			isa = XCBuildConfiguration;
			buildSettings = {
				ALWAYS_SEARCH_USER_PATHS = NO;
				CLANG_ANALYZER_NONNULL = YES;
				CLANG_ANALYZER_NUMBER_OBJECT_CONVERSION = YES_AGGRESSIVE;
				CLANG_CXX_LANGUAGE_STANDARD = "gnu++14";
				CLANG_CXX_LIBRARY = "libc++";
				CLANG_ENABLE_MODULES = YES;
				CLANG_ENABLE_OBJC_ARC = YES;
				CLANG_WARN_BLOCK_CAPTURE_AUTORELEASING = YES;
				CLANG_WARN_BOOL_CONVERSION = YES;
				CLANG_WARN_COMMA = YES;
				CLANG_WARN_CONSTANT_CONVERSION = YES;
				CLANG_WARN_DEPRECATED_OBJC_IMPLEMENTATIONS = YES;
				CLANG_WARN_DIRECT_OBJC_ISA_USAGE = YES_ERROR;
				CLANG_WARN_DOCUMENTATION_COMMENTS = YES;
				CLANG_WARN_EMPTY_BODY = YES;
				CLANG_WARN_ENUM_CONVERSION = YES;
				CLANG_WARN_INFINITE_RECURSION = YES;
				CLANG_WARN_INT_CONVERSION = YES;
				CLANG_WARN_NON_LITERAL_NULL_CONVERSION = YES;
				CLANG_WARN_OBJC_IMPLICIT_RETAIN_SELF = YES;
				CLANG_WARN_OBJC_LITERAL_CONVERSION = YES;
				CLANG_WARN_OBJC_ROOT_CLASS = YES_ERROR;
				CLANG_WARN_RANGE_LOOP_ANALYSIS = YES;
				CLANG_WARN_STRICT_PROTOTYPES = YES;
				CLANG_WARN_SUSPICIOUS_MOVE = YES;
				CLANG_WARN_UNGUARDED_AVAILABILITY = YES_AGGRESSIVE;
				CLANG_WARN_UNREACHABLE_CODE = YES;
				CLANG_WARN__DUPLICATE_METHOD_MATCH = YES;
				CODE_SIGN_IDENTITY = "iPhone Developer";
				COPY_PHASE_STRIP = NO;
				DEBUG_INFORMATION_FORMAT = "dwarf-with-dsym";
				ENABLE_NS_ASSERTIONS = NO;
				ENABLE_STRICT_OBJC_MSGSEND = YES;
				GCC_C_LANGUAGE_STANDARD = gnu11;
				GCC_NO_COMMON_BLOCKS = YES;
				GCC_WARN_64_TO_32_BIT_CONVERSION = YES;
				GCC_WARN_ABOUT_RETURN_TYPE = YES_ERROR;
				GCC_WARN_UNDECLARED_SELECTOR = YES;
				GCC_WARN_UNINITIALIZED_AUTOS = YES_AGGRESSIVE;
				GCC_WARN_UNUSED_FUNCTION = YES;
				GCC_WARN_UNUSED_VARIABLE = YES;
				IPHONEOS_DEPLOYMENT_TARGET = 11.2;
				MTL_ENABLE_DEBUG_INFO = NO;
				SDKROOT = iphoneos;
				SWIFT_OPTIMIZATION_LEVEL = "-Owholemodule";
				VALIDATE_PRODUCT = YES;
			};
			name = Release;
		};
		0DE6B08820ADB8AF00E9020E /* Debug */ = {
			isa = XCBuildConfiguration;
			buildSettings = {
				ASSETCATALOG_COMPILER_APPICON_NAME = AppIcon;
				CODE_SIGN_STYLE = Automatic;
				DEVELOPMENT_TEAM = KZLCG27XYU;
				INFOPLIST_FILE = "Swifty-Protein/Info.plist";
				IPHONEOS_DEPLOYMENT_TARGET = 11.2;
				LD_RUNPATH_SEARCH_PATHS = "$(inherited) @executable_path/Frameworks";
				PRODUCT_BUNDLE_IDENTIFIER = kwiessle.Protein;
				PRODUCT_NAME = "$(TARGET_NAME)";
				SWIFT_VERSION = 4.0;
				TARGETED_DEVICE_FAMILY = "1,2";
			};
			name = Debug;
		};
		0DE6B08920ADB8AF00E9020E /* Release */ = {
			isa = XCBuildConfiguration;
			buildSettings = {
				ASSETCATALOG_COMPILER_APPICON_NAME = AppIcon;
				CODE_SIGN_STYLE = Automatic;
				DEVELOPMENT_TEAM = KZLCG27XYU;
				INFOPLIST_FILE = "Swifty-Protein/Info.plist";
				IPHONEOS_DEPLOYMENT_TARGET = 11.2;
				LD_RUNPATH_SEARCH_PATHS = "$(inherited) @executable_path/Frameworks";
				PRODUCT_BUNDLE_IDENTIFIER = kwiessle.Protein;
				PRODUCT_NAME = "$(TARGET_NAME)";
				SWIFT_VERSION = 4.0;
				TARGETED_DEVICE_FAMILY = "1,2";
			};
			name = Release;
		};
/* End XCBuildConfiguration section */

/* Begin XCConfigurationList section */
		0DE6B07020ADB8AF00E9020E /* Build configuration list for PBXProject "Swifty-Protein" */ = {
			isa = XCConfigurationList;
			buildConfigurations = (
				0DE6B08520ADB8AF00E9020E /* Debug */,
				0DE6B08620ADB8AF00E9020E /* Release */,
			);
			defaultConfigurationIsVisible = 0;
			defaultConfigurationName = Release;
		};
		0DE6B08720ADB8AF00E9020E /* Build configuration list for PBXNativeTarget "Swifty-Protein" */ = {
			isa = XCConfigurationList;
			buildConfigurations = (
				0DE6B08820ADB8AF00E9020E /* Debug */,
				0DE6B08920ADB8AF00E9020E /* Release */,
			);
			defaultConfigurationIsVisible = 0;
			defaultConfigurationName = Release;
		};
/* End XCConfigurationList section */
	};
	rootObject = 0DE6B06D20ADB8AF00E9020E /* Project object */;
}
